
Microsoft Visual Studio Solution File, Format Version 12.00
# Visual Studio Version 16
VisualStudioVersion = 16.0.31112.23
MinimumVisualStudioVersion = 10.0.40219.1
Project("{FAE04EC0-301F-11D3-BF4B-00C04F79EFBC}") = "OlioOhjelmointi3", "OlioOhjelmointi3\OlioOhjelmointi3.csproj", "{E0E69954-EC6C-4D1D-A543-52C91052F6C9}"
EndProject
Global
	GlobalSection(SolutionConfigurationPlatforms) = preSolution
		Debug|Any CPU = Debug|Any CPU
		Release|Any CPU = Release|Any CPU
	EndGlobalSection
	GlobalSection(ProjectConfigurationPlatforms) = postSolution
		{E0E69954-EC6C-4D1D-A543-52C91052F6C9}.Debug|Any CPU.ActiveCfg = Debug|Any CPU
		{E0E69954-EC6C-4D1D-A543-52C91052F6C9}.Debug|Any CPU.Build.0 = Debug|Any CPU
		{E0E69954-EC6C-4D1D-A543-52C91052F6C9}.Release|Any CPU.ActiveCfg = Release|Any CPU
		{E0E69954-EC6C-4D1D-A543-52C91052F6C9}.Release|Any CPU.Build.0 = Release|Any CPU
	EndGlobalSection
	GlobalSection(SolutionProperties) = preSolution
		HideSolutionNode = FALSE
	EndGlobalSection
	GlobalSection(ExtensibilityGlobals) = postSolution
		SolutionGuid = {2BDF1B4E-1C8A-41D7-9C7A-FE8A120845CE}
	EndGlobalSection
EndGlobal
